
Microsoft Visual Studio Solution File, Format Version 12.00
# Visual Studio Version 16
VisualStudioVersion = 16.0.30611.23
MinimumVisualStudioVersion = 10.0.40219.1
Project("{FAE04EC0-301F-11D3-BF4B-00C04F79EFBC}") = "PRATICA DELIBERADA EDIGE TESTE MAIS RECENTE", "PRATICA DELIBERADA EDIGE TESTE MAIS RECENTE\PRATICA DELIBERADA EDIGE TESTE MAIS RECENTE.csproj", "{4FEE8DB6-BE38-4B53-AB91-77351F29631C}"
EndProject
Global
	GlobalSection(SolutionConfigurationPlatforms) = preSolution
		Debug|Any CPU = Debug|Any CPU
		Release|Any CPU = Release|Any CPU
	EndGlobalSection
	GlobalSection(ProjectConfigurationPlatforms) = postSolution
		{4FEE8DB6-BE38-4B53-AB91-77351F29631C}.Debug|Any CPU.ActiveCfg = Debug|Any CPU
		{4FEE8DB6-BE38-4B53-AB91-77351F29631C}.Debug|Any CPU.Build.0 = Debug|Any CPU
		{4FEE8DB6-BE38-4B53-AB91-77351F29631C}.Release|Any CPU.ActiveCfg = Release|Any CPU
		{4FEE8DB6-BE38-4B53-AB91-77351F29631C}.Release|Any CPU.Build.0 = Release|Any CPU
	EndGlobalSection
	GlobalSection(SolutionProperties) = preSolution
		HideSolutionNode = FALSE
	EndGlobalSection
	GlobalSection(ExtensibilityGlobals) = postSolution
		SolutionGuid = {97AC4615-2983-4551-854A-2953DF7C878D}
	EndGlobalSection
EndGlobal
